
Microsoft Visual Studio Solution File, Format Version 12.00
# Visual Studio 14
VisualStudioVersion = 14.0.25420.1
MinimumVisualStudioVersion = 10.0.40219.1
Project("{FAE04EC0-301F-11D3-BF4B-00C04F79EFBC}") = "Naxam.Mapbox.iOSQs", "demo\Naxam.Mapbox.iOSQs\Naxam.Mapbox.iOSQs.csproj", "{3A2E7243-0208-4292-92B4-8C25F27B9843}"
EndProject
Project("{2150E333-8FDC-42A3-9474-1A3956D46DE8}") = "nuget", "nuget", "{D8F96117-BE6D-4B99-A089-3119F86961BB}"
	ProjectSection(SolutionItems) = preProject
		mapbox-ios.nuspec = mapbox-ios.nuspec
	EndProjectSection
EndProject
Project("{2150E333-8FDC-42A3-9474-1A3956D46DE8}") = "demo", "demo", "{22E7F713-BE34-4A11-939A-E358DA858995}"
EndProject
Project("{FAE04EC0-301F-11D3-BF4B-00C04F79EFBC}") = "Naxam.Mapbox.Common", "Naxam.Mapbox.Common\Naxam.Mapbox.Common.csproj", "{A80B2873-6EAF-48A1-8445-2896815EFEE0}"
EndProject
Project("{FAE04EC0-301F-11D3-BF4B-00C04F79EFBC}") = "Naxam.Mapbox.iOS", "Naxam.Mapbox.iOS\Naxam.Mapbox.iOS.csproj", "{682AEE9E-B4F4-4BED-8D14-23582E4992FE}"
EndProject
Global
	GlobalSection(SolutionConfigurationPlatforms) = preSolution
		Debug|Any CPU = Debug|Any CPU
		Release|Any CPU = Release|Any CPU
		Debug|iPhoneSimulator = Debug|iPhoneSimulator
		Release|iPhone = Release|iPhone
		Release|iPhoneSimulator = Release|iPhoneSimulator
		Debug|iPhone = Debug|iPhone
	EndGlobalSection
	GlobalSection(ProjectConfigurationPlatforms) = postSolution
		{3A2E7243-0208-4292-92B4-8C25F27B9843}.Debug|Any CPU.ActiveCfg = Debug|iPhoneSimulator
		{3A2E7243-0208-4292-92B4-8C25F27B9843}.Debug|Any CPU.Build.0 = Debug|iPhoneSimulator
		{3A2E7243-0208-4292-92B4-8C25F27B9843}.Release|Any CPU.ActiveCfg = Release|iPhone
		{3A2E7243-0208-4292-92B4-8C25F27B9843}.Release|Any CPU.Build.0 = Release|iPhone
		{3A2E7243-0208-4292-92B4-8C25F27B9843}.Debug|iPhoneSimulator.ActiveCfg = Debug|iPhoneSimulator
		{3A2E7243-0208-4292-92B4-8C25F27B9843}.Debug|iPhoneSimulator.Build.0 = Debug|iPhoneSimulator
		{3A2E7243-0208-4292-92B4-8C25F27B9843}.Release|iPhone.ActiveCfg = Release|iPhone
		{3A2E7243-0208-4292-92B4-8C25F27B9843}.Release|iPhone.Build.0 = Release|iPhone
		{3A2E7243-0208-4292-92B4-8C25F27B9843}.Release|iPhoneSimulator.ActiveCfg = Release|iPhoneSimulator
		{3A2E7243-0208-4292-92B4-8C25F27B9843}.Release|iPhoneSimulator.Build.0 = Release|iPhoneSimulator
		{3A2E7243-0208-4292-92B4-8C25F27B9843}.Debug|iPhone.ActiveCfg = Debug|iPhone
		{3A2E7243-0208-4292-92B4-8C25F27B9843}.Debug|iPhone.Build.0 = Debug|iPhone
		{A80B2873-6EAF-48A1-8445-2896815EFEE0}.Debug|Any CPU.ActiveCfg = Debug|Any CPU
		{A80B2873-6EAF-48A1-8445-2896815EFEE0}.Debug|Any CPU.Build.0 = Debug|Any CPU
		{A80B2873-6EAF-48A1-8445-2896815EFEE0}.Release|Any CPU.ActiveCfg = Release|Any CPU
		{A80B2873-6EAF-48A1-8445-2896815EFEE0}.Release|Any CPU.Build.0 = Release|Any CPU
		{A80B2873-6EAF-48A1-8445-2896815EFEE0}.Debug|iPhoneSimulator.ActiveCfg = Debug|Any CPU
		{A80B2873-6EAF-48A1-8445-2896815EFEE0}.Debug|iPhoneSimulator.Build.0 = Debug|Any CPU
		{A80B2873-6EAF-48A1-8445-2896815EFEE0}.Release|iPhone.ActiveCfg = Release|Any CPU
		{A80B2873-6EAF-48A1-8445-2896815EFEE0}.Release|iPhone.Build.0 = Release|Any CPU
		{A80B2873-6EAF-48A1-8445-2896815EFEE0}.Release|iPhoneSimulator.ActiveCfg = Release|Any CPU
		{A80B2873-6EAF-48A1-8445-2896815EFEE0}.Release|iPhoneSimulator.Build.0 = Release|Any CPU
		{A80B2873-6EAF-48A1-8445-2896815EFEE0}.Debug|iPhone.ActiveCfg = Debug|Any CPU
		{A80B2873-6EAF-48A1-8445-2896815EFEE0}.Debug|iPhone.Build.0 = Debug|Any CPU
		{682AEE9E-B4F4-4BED-8D14-23582E4992FE}.Debug|Any CPU.ActiveCfg = Debug|Any CPU
		{682AEE9E-B4F4-4BED-8D14-23582E4992FE}.Debug|Any CPU.Build.0 = Debug|Any CPU
		{682AEE9E-B4F4-4BED-8D14-23582E4992FE}.Release|Any CPU.ActiveCfg = Release|Any CPU
		{682AEE9E-B4F4-4BED-8D14-23582E4992FE}.Release|Any CPU.Build.0 = Release|Any CPU
		{682AEE9E-B4F4-4BED-8D14-23582E4992FE}.Debug|iPhoneSimulator.ActiveCfg = Debug|Any CPU
		{682AEE9E-B4F4-4BED-8D14-23582E4992FE}.Debug|iPhoneSimulator.Build.0 = Debug|Any CPU
		{682AEE9E-B4F4-4BED-8D14-23582E4992FE}.Release|iPhone.ActiveCfg = Release|Any CPU
		{682AEE9E-B4F4-4BED-8D14-23582E4992FE}.Release|iPhone.Build.0 = Release|Any CPU
		{682AEE9E-B4F4-4BED-8D14-23582E4992FE}.Release|iPhoneSimulator.ActiveCfg = Release|Any CPU
		{682AEE9E-B4F4-4BED-8D14-23582E4992FE}.Release|iPhoneSimulator.Build.0 = Release|Any CPU
		{682AEE9E-B4F4-4BED-8D14-23582E4992FE}.Debug|iPhone.ActiveCfg = Debug|Any CPU
		{682AEE9E-B4F4-4BED-8D14-23582E4992FE}.Debug|iPhone.Build.0 = Debug|Any CPU
	EndGlobalSection
	GlobalSection(SolutionProperties) = preSolution
		HideSolutionNode = FALSE
	EndGlobalSection
	GlobalSection(NestedProjects) = preSolution
		{3A2E7243-0208-4292-92B4-8C25F27B9843} = {22E7F713-BE34-4A11-939A-E358DA858995}
		{A80B2873-6EAF-48A1-8445-2896815EFEE0} = {22E7F713-BE34-4A11-939A-E358DA858995}
	EndGlobalSection
EndGlobal
